// !$*UTF8*$!
{
	archiveVersion = 1;
	classes = {
	};
	objectVersion = 50;
	objects = {

/* Begin PBXBuildFile section */
		BFC21A1B26DD25BA00E41501 /* JSONApp.swift in Sources */ = {isa = PBXBuildFile; fileRef = BFC21A1A26DD25BA00E41501 /* JSONApp.swift */; };
		BFC21A1D26DD25BA00E41501 /* ContentView.swift in Sources */ = {isa = PBXBuildFile; fileRef = BFC21A1C26DD25BA00E41501 /* ContentView.swift */; };
		BFC21A1F26DD25BF00E41501 /* Assets.xcassets in Resources */ = {isa = PBXBuildFile; fileRef = BFC21A1E26DD25BF00E41501 /* Assets.xcassets */; };
		BFC21A2226DD25BF00E41501 /* Preview Assets.xcassets in Resources */ = {isa = PBXBuildFile; fileRef = BFC21A2126DD25BF00E41501 /* Preview Assets.xcassets */; };
		BFC21A2D26DD25C000E41501 /* JSONTests.swift in Sources */ = {isa = PBXBuildFile; fileRef = BFC21A2C26DD25C000E41501 /* JSONTests.swift */; };
		BFC21A3826DD25C000E41501 /* JSONUITests.swift in Sources */ = {isa = PBXBuildFile; fileRef = BFC21A3726DD25C000E41501 /* JSONUITests.swift */; };
/* End PBXBuildFile section */

/* Begin PBXContainerItemProxy section */
		BFC21A2926DD25C000E41501 /* PBXContainerItemProxy */ = {
			isa = PBXContainerItemProxy;
			containerPortal = BFC21A0F26DD25BA00E41501 /* Project object */;
			proxyType = 1;
			remoteGlobalIDString = BFC21A1626DD25BA00E41501;
			remoteInfo = JSON;
		};
		BFC21A3426DD25C000E41501 /* PBXContainerItemProxy */ = {
			isa = PBXContainerItemProxy;
			containerPortal = BFC21A0F26DD25BA00E41501 /* Project object */;
			proxyType = 1;
			remoteGlobalIDString = BFC21A1626DD25BA00E41501;
			remoteInfo = JSON;
		};
/* End PBXContainerItemProxy section */

/* Begin PBXFileReference section */
		BFC21A1726DD25BA00E41501 /* JSON.app */ = {isa = PBXFileReference; explicitFileType = wrapper.application; includeInIndex = 0; path = JSON.app; sourceTree = BUILT_PRODUCTS_DIR; };
		BFC21A1A26DD25BA00E41501 /* JSONApp.swift */ = {isa = PBXFileReference; lastKnownFileType = sourcecode.swift; path = JSONApp.swift; sourceTree = "<group>"; };
		BFC21A1C26DD25BA00E41501 /* ContentView.swift */ = {isa = PBXFileReference; lastKnownFileType = sourcecode.swift; path = ContentView.swift; sourceTree = "<group>"; };
		BFC21A1E26DD25BF00E41501 /* Assets.xcassets */ = {isa = PBXFileReference; lastKnownFileType = folder.assetcatalog; path = Assets.xcassets; sourceTree = "<group>"; };
		BFC21A2126DD25BF00E41501 /* Preview Assets.xcassets */ = {isa = PBXFileReference; lastKnownFileType = folder.assetcatalog; path = "Preview Assets.xcassets"; sourceTree = "<group>"; };
		BFC21A2326DD25BF00E41501 /* Info.plist */ = {isa = PBXFileReference; lastKnownFileType = text.plist.xml; path = Info.plist; sourceTree = "<group>"; };
		BFC21A2826DD25C000E41501 /* JSONTests.xctest */ = {isa = PBXFileReference; explicitFileType = wrapper.cfbundle; includeInIndex = 0; path = JSONTests.xctest; sourceTree = BUILT_PRODUCTS_DIR; };
		BFC21A2C26DD25C000E41501 /* JSONTests.swift */ = {isa = PBXFileReference; lastKnownFileType = sourcecode.swift; path = JSONTests.swift; sourceTree = "<group>"; };
		BFC21A2E26DD25C000E41501 /* Info.plist */ = {isa = PBXFileReference; lastKnownFileType = text.plist.xml; path = Info.plist; sourceTree = "<group>"; };
		BFC21A3326DD25C000E41501 /* JSONUITests.xctest */ = {isa = PBXFileReference; explicitFileType = wrapper.cfbundle; includeInIndex = 0; path = JSONUITests.xctest; sourceTree = BUILT_PRODUCTS_DIR; };
		BFC21A3726DD25C000E41501 /* JSONUITests.swift */ = {isa = PBXFileReference; lastKnownFileType = sourcecode.swift; path = JSONUITests.swift; sourceTree = "<group>"; };
		BFC21A3926DD25C000E41501 /* Info.plist */ = {isa = PBXFileReference; lastKnownFileType = text.plist.xml; path = Info.plist; sourceTree = "<group>"; };
/* End PBXFileReference section */

/* Begin PBXFrameworksBuildPhase section */
		BFC21A1426DD25BA00E41501 /* Frameworks */ = {
			isa = PBXFrameworksBuildPhase;
			buildActionMask = 2147483647;
			files = (
			);
			runOnlyForDeploymentPostprocessing = 0;
		};
		BFC21A2526DD25C000E41501 /* Frameworks */ = {
			isa = PBXFrameworksBuildPhase;
			buildActionMask = 2147483647;
			files = (
			);
			runOnlyForDeploymentPostprocessing = 0;
		};
		BFC21A3026DD25C000E41501 /* Frameworks */ = {
			isa = PBXFrameworksBuildPhase;
			buildActionMask = 2147483647;
			files = (
			);
			runOnlyForDeploymentPostprocessing = 0;
		};
/* End PBXFrameworksBuildPhase section */

/* Begin PBXGroup section */
		BFC21A0E26DD25BA00E41501 = {
			isa = PBXGroup;
			children = (
				BFC21A1926DD25BA00E41501 /* JSON */,
				BFC21A2B26DD25C000E41501 /* JSONTests */,
				BFC21A3626DD25C000E41501 /* JSONUITests */,
				BFC21A1826DD25BA00E41501 /* Products */,
			);
			sourceTree = "<group>";
		};
		BFC21A1826DD25BA00E41501 /* Products */ = {
			isa = PBXGroup;
			children = (
				BFC21A1726DD25BA00E41501 /* JSON.app */,
				BFC21A2826DD25C000E41501 /* JSONTests.xctest */,
				BFC21A3326DD25C000E41501 /* JSONUITests.xctest */,
			);
			name = Products;
			sourceTree = "<group>";
		};
		BFC21A1926DD25BA00E41501 /* JSON */ = {
			isa = PBXGroup;
			children = (
				BFC21A1A26DD25BA00E41501 /* JSONApp.swift */,
				BFC21A1C26DD25BA00E41501 /* ContentView.swift */,
				BFC21A1E26DD25BF00E41501 /* Assets.xcassets */,
				BFC21A2326DD25BF00E41501 /* Info.plist */,
				BFC21A2026DD25BF00E41501 /* Preview Content */,
			);
			path = JSON;
			sourceTree = "<group>";
		};
		BFC21A2026DD25BF00E41501 /* Preview Content */ = {
			isa = PBXGroup;
			children = (
				BFC21A2126DD25BF00E41501 /* Preview Assets.xcassets */,
			);
			path = "Preview Content";
			sourceTree = "<group>";
		};
		BFC21A2B26DD25C000E41501 /* JSONTests */ = {
			isa = PBXGroup;
			children = (
				BFC21A2C26DD25C000E41501 /* JSONTests.swift */,
				BFC21A2E26DD25C000E41501 /* Info.plist */,
			);
			path = JSONTests;
			sourceTree = "<group>";
		};
		BFC21A3626DD25C000E41501 /* JSONUITests */ = {
			isa = PBXGroup;
			children = (
				BFC21A3726DD25C000E41501 /* JSONUITests.swift */,
				BFC21A3926DD25C000E41501 /* Info.plist */,
			);
			path = JSONUITests;
			sourceTree = "<group>";
		};
/* End PBXGroup section */

/* Begin PBXNativeTarget section */
		BFC21A1626DD25BA00E41501 /* JSON */ = {
			isa = PBXNativeTarget;
			buildConfigurationList = BFC21A3C26DD25C000E41501 /* Build configuration list for PBXNativeTarget "JSON" */;
			buildPhases = (
				BFC21A1326DD25BA00E41501 /* Sources */,
				BFC21A1426DD25BA00E41501 /* Frameworks */,
				BFC21A1526DD25BA00E41501 /* Resources */,
			);
			buildRules = (
			);
			dependencies = (
			);
			name = JSON;
			productName = JSON;
			productReference = BFC21A1726DD25BA00E41501 /* JSON.app */;
			productType = "com.apple.product-type.application";
		};
		BFC21A2726DD25C000E41501 /* JSONTests */ = {
			isa = PBXNativeTarget;
			buildConfigurationList = BFC21A3F26DD25C000E41501 /* Build configuration list for PBXNativeTarget "JSONTests" */;
			buildPhases = (
				BFC21A2426DD25C000E41501 /* Sources */,
				BFC21A2526DD25C000E41501 /* Frameworks */,
				BFC21A2626DD25C000E41501 /* Resources */,
			);
			buildRules = (
			);
			dependencies = (
				BFC21A2A26DD25C000E41501 /* PBXTargetDependency */,
			);
			name = JSONTests;
			productName = JSONTests;
			productReference = BFC21A2826DD25C000E41501 /* JSONTests.xctest */;
			productType = "com.apple.product-type.bundle.unit-test";
		};
		BFC21A3226DD25C000E41501 /* JSONUITests */ = {
			isa = PBXNativeTarget;
			buildConfigurationList = BFC21A4226DD25C000E41501 /* Build configuration list for PBXNativeTarget "JSONUITests" */;
			buildPhases = (
				BFC21A2F26DD25C000E41501 /* Sources */,
				BFC21A3026DD25C000E41501 /* Frameworks */,
				BFC21A3126DD25C000E41501 /* Resources */,
			);
			buildRules = (
			);
			dependencies = (
				BFC21A3526DD25C000E41501 /* PBXTargetDependency */,
			);
			name = JSONUITests;
			productName = JSONUITests;
			productReference = BFC21A3326DD25C000E41501 /* JSONUITests.xctest */;
			productType = "com.apple.product-type.bundle.ui-testing";
		};
/* End PBXNativeTarget section */

/* Begin PBXProject section */
		BFC21A0F26DD25BA00E41501 /* Project object */ = {
			isa = PBXProject;
			attributes = {
				LastSwiftUpdateCheck = 1250;
				LastUpgradeCheck = 1250;
				TargetAttributes = {
					BFC21A1626DD25BA00E41501 = {
						CreatedOnToolsVersion = 12.5.1;
					};
					BFC21A2726DD25C000E41501 = {
						CreatedOnToolsVersion = 12.5.1;
						TestTargetID = BFC21A1626DD25BA00E41501;
					};
					BFC21A3226DD25C000E41501 = {
						CreatedOnToolsVersion = 12.5.1;
						TestTargetID = BFC21A1626DD25BA00E41501;
					};
				};
			};
			buildConfigurationList = BFC21A1226DD25BA00E41501 /* Build configuration list for PBXProject "JSON" */;
			compatibilityVersion = "Xcode 9.3";
			developmentRegion = en;
			hasScannedForEncodings = 0;
			knownRegions = (
				en,
				Base,
			);
			mainGroup = BFC21A0E26DD25BA00E41501;
			productRefGroup = BFC21A1826DD25BA00E41501 /* Products */;
			projectDirPath = "";
			projectRoot = "";
			targets = (
				BFC21A1626DD25BA00E41501 /* JSON */,
				BFC21A2726DD25C000E41501 /* JSONTests */,
				BFC21A3226DD25C000E41501 /* JSONUITests */,
			);
		};
/* End PBXProject section */

/* Begin PBXResourcesBuildPhase section */
		BFC21A1526DD25BA00E41501 /* Resources */ = {
			isa = PBXResourcesBuildPhase;
			buildActionMask = 2147483647;
			files = (
				BFC21A2226DD25BF00E41501 /* Preview Assets.xcassets in Resources */,
				BFC21A1F26DD25BF00E41501 /* Assets.xcassets in Resources */,
			);
			runOnlyForDeploymentPostprocessing = 0;
		};
		BFC21A2626DD25C000E41501 /* Resources */ = {
			isa = PBXResourcesBuildPhase;
			buildActionMask = 2147483647;
			files = (
			);
			runOnlyForDeploymentPostprocessing = 0;
		};
		BFC21A3126DD25C000E41501 /* Resources */ = {
			isa = PBXResourcesBuildPhase;
			buildActionMask = 2147483647;
			files = (
			);
			runOnlyForDeploymentPostprocessing = 0;
		};
/* End PBXResourcesBuildPhase section */

/* Begin PBXSourcesBuildPhase section */
		BFC21A1326DD25BA00E41501 /* Sources */ = {
			isa = PBXSourcesBuildPhase;
			buildActionMask = 2147483647;
			files = (
				BFC21A1D26DD25BA00E41501 /* ContentView.swift in Sources */,
				BFC21A1B26DD25BA00E41501 /* JSONApp.swift in Sources */,
			);
			runOnlyForDeploymentPostprocessing = 0;
		};
		BFC21A2426DD25C000E41501 /* Sources */ = {
			isa = PBXSourcesBuildPhase;
			buildActionMask = 2147483647;
			files = (
				BFC21A2D26DD25C000E41501 /* JSONTests.swift in Sources */,
			);
			runOnlyForDeploymentPostprocessing = 0;
		};
		BFC21A2F26DD25C000E41501 /* Sources */ = {
			isa = PBXSourcesBuildPhase;
			buildActionMask = 2147483647;
			files = (
				BFC21A3826DD25C000E41501 /* JSONUITests.swift in Sources */,
			);
			runOnlyForDeploymentPostprocessing = 0;
		};
/* End PBXSourcesBuildPhase section */

/* Begin PBXTargetDependency section */
		BFC21A2A26DD25C000E41501 /* PBXTargetDependency */ = {
			isa = PBXTargetDependency;
			target = BFC21A1626DD25BA00E41501 /* JSON */;
			targetProxy = BFC21A2926DD25C000E41501 /* PBXContainerItemProxy */;
		};
		BFC21A3526DD25C000E41501 /* PBXTargetDependency */ = {
			isa = PBXTargetDependency;
			target = BFC21A1626DD25BA00E41501 /* JSON */;
			targetProxy = BFC21A3426DD25C000E41501 /* PBXContainerItemProxy */;
		};
/* End PBXTargetDependency section */

/* Begin XCBuildConfiguration section */
		BFC21A3A26DD25C000E41501 /* Debug */ = {
			isa = XCBuildConfiguration;
			buildSettings = {
				ALWAYS_SEARCH_USER_PATHS = NO;
				CLANG_ANALYZER_NONNULL = YES;
				CLANG_ANALYZER_NUMBER_OBJECT_CONVERSION = YES_AGGRESSIVE;
				CLANG_CXX_LANGUAGE_STANDARD = "gnu++14";
				CLANG_CXX_LIBRARY = "libc++";
				CLANG_ENABLE_MODULES = YES;
				CLANG_ENABLE_OBJC_ARC = YES;
				CLANG_ENABLE_OBJC_WEAK = YES;
				CLANG_WARN_BLOCK_CAPTURE_AUTORELEASING = YES;
				CLANG_WARN_BOOL_CONVERSION = YES;
				CLANG_WARN_COMMA = YES;
				CLANG_WARN_CONSTANT_CONVERSION = YES;
				CLANG_WARN_DEPRECATED_OBJC_IMPLEMENTATIONS = YES;
				CLANG_WARN_DIRECT_OBJC_ISA_USAGE = YES_ERROR;
				CLANG_WARN_DOCUMENTATION_COMMENTS = YES;
				CLANG_WARN_EMPTY_BODY = YES;
				CLANG_WARN_ENUM_CONVERSION = YES;
				CLANG_WARN_INFINITE_RECURSION = YES;
				CLANG_WARN_INT_CONVERSION = YES;
				CLANG_WARN_NON_LITERAL_NULL_CONVERSION = YES;
				CLANG_WARN_OBJC_IMPLICIT_RETAIN_SELF = YES;
				CLANG_WARN_OBJC_LITERAL_CONVERSION = YES;
				CLANG_WARN_OBJC_ROOT_CLASS = YES_ERROR;
				CLANG_WARN_QUOTED_INCLUDE_IN_FRAMEWORK_HEADER = YES;
				CLANG_WARN_RANGE_LOOP_ANALYSIS = YES;
				CLANG_WARN_STRICT_PROTOTYPES = YES;
				CLANG_WARN_SUSPICIOUS_MOVE = YES;
				CLANG_WARN_UNGUARDED_AVAILABILITY = YES_AGGRESSIVE;
				CLANG_WARN_UNREACHABLE_CODE = YES;
				CLANG_WARN__DUPLICATE_METHOD_MATCH = YES;
				COPY_PHASE_STRIP = NO;
				DEBUG_INFORMATION_FORMAT = dwarf;
				ENABLE_STRICT_OBJC_MSGSEND = YES;
				ENABLE_TESTABILITY = YES;
				GCC_C_LANGUAGE_STANDARD = gnu11;
				GCC_DYNAMIC_NO_PIC = NO;
				GCC_NO_COMMON_BLOCKS = YES;
				GCC_OPTIMIZATION_LEVEL = 0;
				GCC_PREPROCESSOR_DEFINITIONS = (
					"DEBUG=1",
					"$(inherited)",
				);
				GCC_WARN_64_TO_32_BIT_CONVERSION = YES;
				GCC_WARN_ABOUT_RETURN_TYPE = YES_ERROR;
				GCC_WARN_UNDECLARED_SELECTOR = YES;
				GCC_WARN_UNINITIALIZED_AUTOS = YES_AGGRESSIVE;
				GCC_WARN_UNUSED_FUNCTION = YES;
				GCC_WARN_UNUSED_VARIABLE = YES;
				IPHONEOS_DEPLOYMENT_TARGET = 14.5;
				MTL_ENABLE_DEBUG_INFO = INCLUDE_SOURCE;
				MTL_FAST_MATH = YES;
				ONLY_ACTIVE_ARCH = YES;
				SDKROOT = iphoneos;
				SWIFT_ACTIVE_COMPILATION_CONDITIONS = DEBUG;
				SWIFT_OPTIMIZATION_LEVEL = "-Onone";
			};
			name = Debug;
		};
		BFC21A3B26DD25C000E41501 /* Release */ = {
			isa = XCBuildConfiguration;
			buildSettings = {
				ALWAYS_SEARCH_USER_PATHS = NO;
				CLANG_ANALYZER_NONNULL = YES;
				CLANG_ANALYZER_NUMBER_OBJECT_CONVERSION = YES_AGGRESSIVE;
				CLANG_CXX_LANGUAGE_STANDARD = "gnu++14";
				CLANG_CXX_LIBRARY = "libc++";
				CLANG_ENABLE_MODULES = YES;
				CLANG_ENABLE_OBJC_ARC = YES;
				CLANG_ENABLE_OBJC_WEAK = YES;
				CLANG_WARN_BLOCK_CAPTURE_AUTORELEASING = YES;
				CLANG_WARN_BOOL_CONVERSION = YES;
				CLANG_WARN_COMMA = YES;
				CLANG_WARN_CONSTANT_CONVERSION = YES;
				CLANG_WARN_DEPRECATED_OBJC_IMPLEMENTATIONS = YES;
				CLANG_WARN_DIRECT_OBJC_ISA_USAGE = YES_ERROR;
				CLANG_WARN_DOCUMENTATION_COMMENTS = YES;
				CLANG_WARN_EMPTY_BODY = YES;
				CLANG_WARN_ENUM_CONVERSION = YES;
				CLANG_WARN_INFINITE_RECURSION = YES;
				CLANG_WARN_INT_CONVERSION = YES;
				CLANG_WARN_NON_LITERAL_NULL_CONVERSION = YES;
				CLANG_WARN_OBJC_IMPLICIT_RETAIN_SELF = YES;
				CLANG_WARN_OBJC_LITERAL_CONVERSION = YES;
				CLANG_WARN_OBJC_ROOT_CLASS = YES_ERROR;
				CLANG_WARN_QUOTED_INCLUDE_IN_FRAMEWORK_HEADER = YES;
				CLANG_WARN_RANGE_LOOP_ANALYSIS = YES;
				CLANG_WARN_STRICT_PROTOTYPES = YES;
				CLANG_WARN_SUSPICIOUS_MOVE = YES;
				CLANG_WARN_UNGUARDED_AVAILABILITY = YES_AGGRESSIVE;
				CLANG_WARN_UNREACHABLE_CODE = YES;
				CLANG_WARN__DUPLICATE_METHOD_MATCH = YES;
				COPY_PHASE_STRIP = NO;
				DEBUG_INFORMATION_FORMAT = "dwarf-with-dsym";
				ENABLE_NS_ASSERTIONS = NO;
				ENABLE_STRICT_OBJC_MSGSEND = YES;
				GCC_C_LANGUAGE_STANDARD = gnu11;
				GCC_NO_COMMON_BLOCKS = YES;
				GCC_WARN_64_TO_32_BIT_CONVERSION = YES;
				GCC_WARN_ABOUT_RETURN_TYPE = YES_ERROR;
				GCC_WARN_UNDECLARED_SELECTOR = YES;
				GCC_WARN_UNINITIALIZED_AUTOS = YES_AGGRESSIVE;
				GCC_WARN_UNUSED_FUNCTION = YES;
				GCC_WARN_UNUSED_VARIABLE = YES;
				IPHONEOS_DEPLOYMENT_TARGET = 14.5;
				MTL_ENABLE_DEBUG_INFO = NO;
				MTL_FAST_MATH = YES;
				SDKROOT = iphoneos;
				SWIFT_COMPILATION_MODE = wholemodule;
				SWIFT_OPTIMIZATION_LEVEL = "-O";
				VALIDATE_PRODUCT = YES;
			};
			name = Release;
		};
		BFC21A3D26DD25C000E41501 /* Debug */ = {
			isa = XCBuildConfiguration;
			buildSettings = {
				ASSETCATALOG_COMPILER_APPICON_NAME = AppIcon;
				ASSETCATALOG_COMPILER_GLOBAL_ACCENT_COLOR_NAME = AccentColor;
				CODE_SIGN_STYLE = Automatic;
				DEVELOPMENT_ASSET_PATHS = "\"JSON/Preview Content\"";
				ENABLE_PREVIEWS = YES;
				INFOPLIST_FILE = JSON/Info.plist;
				IPHONEOS_DEPLOYMENT_TARGET = 14.0;
				LD_RUNPATH_SEARCH_PATHS = (
					"$(inherited)",
					"@executable_path/Frameworks",
				);
				PRODUCT_BUNDLE_IDENTIFIER = ru.DrankinaElena.JSON;
				PRODUCT_NAME = "$(TARGET_NAME)";
				SWIFT_VERSION = 5.0;
				TARGETED_DEVICE_FAMILY = "1,2";
			};
			name = Debug;
		};
		BFC21A3E26DD25C000E41501 /* Release */ = {
			isa = XCBuildConfiguration;
			buildSettings = {
				ASSETCATALOG_COMPILER_APPICON_NAME = AppIcon;
				ASSETCATALOG_COMPILER_GLOBAL_ACCENT_COLOR_NAME = AccentColor;
				CODE_SIGN_STYLE = Automatic;
				DEVELOPMENT_ASSET_PATHS = "\"JSON/Preview Content\"";
				ENABLE_PREVIEWS = YES;
				INFOPLIST_FILE = JSON/Info.plist;
				IPHONEOS_DEPLOYMENT_TARGET = 14.0;
				LD_RUNPATH_SEARCH_PATHS = (
					"$(inherited)",
					"@executable_path/Frameworks",
				);
				PRODUCT_BUNDLE_IDENTIFIER = ru.DrankinaElena.JSON;
				PRODUCT_NAME = "$(TARGET_NAME)";
				SWIFT_VERSION = 5.0;
				TARGETED_DEVICE_FAMILY = "1,2";
			};
			name = Release;
		};
		BFC21A4026DD25C000E41501 /* Debug */ = {
			isa = XCBuildConfiguration;
			buildSettings = {
				ALWAYS_EMBED_SWIFT_STANDARD_LIBRARIES = YES;
				BUNDLE_LOADER = "$(TEST_HOST)";
				CODE_SIGN_STYLE = Automatic;
				INFOPLIST_FILE = JSONTests/Info.plist;
				IPHONEOS_DEPLOYMENT_TARGET = 14.0;
				LD_RUNPATH_SEARCH_PATHS = (
					"$(inherited)",
					"@executable_path/Frameworks",
					"@loader_path/Frameworks",
				);
				PRODUCT_BUNDLE_IDENTIFIER = ru.DrankinaElena.JSONTests;
				PRODUCT_NAME = "$(TARGET_NAME)";
				SWIFT_VERSION = 5.0;
				TARGETED_DEVICE_FAMILY = "1,2";
				TEST_HOST = "$(BUILT_PRODUCTS_DIR)/JSON.app/JSON";
			};
			name = Debug;
		};
		BFC21A4126DD25C000E41501 /* Release */ = {
			isa = XCBuildConfiguration;
			buildSettings = {
				ALWAYS_EMBED_SWIFT_STANDARD_LIBRARIES = YES;
				BUNDLE_LOADER = "$(TEST_HOST)";
				CODE_SIGN_STYLE = Automatic;
				INFOPLIST_FILE = JSONTests/Info.plist;
				IPHONEOS_DEPLOYMENT_TARGET = 14.0;
				LD_RUNPATH_SEARCH_PATHS = (
					"$(inherited)",
					"@executable_path/Frameworks",
					"@loader_path/Frameworks",
				);
				PRODUCT_BUNDLE_IDENTIFIER = ru.DrankinaElena.JSONTests;
				PRODUCT_NAME = "$(TARGET_NAME)";
				SWIFT_VERSION = 5.0;
				TARGETED_DEVICE_FAMILY = "1,2";
				TEST_HOST = "$(BUILT_PRODUCTS_DIR)/JSON.app/JSON";
			};
			name = Release;
		};
		BFC21A4326DD25C000E41501 /* Debug */ = {
			isa = XCBuildConfiguration;
			buildSettings = {
				ALWAYS_EMBED_SWIFT_STANDARD_LIBRARIES = YES;
				CODE_SIGN_STYLE = Automatic;
				INFOPLIST_FILE = JSONUITests/Info.plist;
				LD_RUNPATH_SEARCH_PATHS = (
					"$(inherited)",
					"@executable_path/Frameworks",
					"@loader_path/Frameworks",
				);
				PRODUCT_BUNDLE_IDENTIFIER = ru.DrankinaElena.JSONUITests;
				PRODUCT_NAME = "$(TARGET_NAME)";
				SWIFT_VERSION = 5.0;
				TARGETED_DEVICE_FAMILY = "1,2";
				TEST_TARGET_NAME = JSON;
			};
			name = Debug;
		};
		BFC21A4426DD25C000E41501 /* Release */ = {
			isa = XCBuildConfiguration;
			buildSettings = {
				ALWAYS_EMBED_SWIFT_STANDARD_LIBRARIES = YES;
				CODE_SIGN_STYLE = Automatic;
				INFOPLIST_FILE = JSONUITests/Info.plist;
				LD_RUNPATH_SEARCH_PATHS = (
					"$(inherited)",
					"@executable_path/Frameworks",
					"@loader_path/Frameworks",
				);
				PRODUCT_BUNDLE_IDENTIFIER = ru.DrankinaElena.JSONUITests;
				PRODUCT_NAME = "$(TARGET_NAME)";
				SWIFT_VERSION = 5.0;
				TARGETED_DEVICE_FAMILY = "1,2";
				TEST_TARGET_NAME = JSON;
			};
			name = Release;
		};
/* End XCBuildConfiguration section */

/* Begin XCConfigurationList section */
		BFC21A1226DD25BA00E41501 /* Build configuration list for PBXProject "JSON" */ = {
			isa = XCConfigurationList;
			buildConfigurations = (
				BFC21A3A26DD25C000E41501 /* Debug */,
				BFC21A3B26DD25C000E41501 /* Release */,
			);
			defaultConfigurationIsVisible = 0;
			defaultConfigurationName = Release;
		};
		BFC21A3C26DD25C000E41501 /* Build configuration list for PBXNativeTarget "JSON" */ = {
			isa = XCConfigurationList;
			buildConfigurations = (
				BFC21A3D26DD25C000E41501 /* Debug */,
				BFC21A3E26DD25C000E41501 /* Release */,
			);
			defaultConfigurationIsVisible = 0;
			defaultConfigurationName = Release;
		};
		BFC21A3F26DD25C000E41501 /* Build configuration list for PBXNativeTarget "JSONTests" */ = {
			isa = XCConfigurationList;
			buildConfigurations = (
				BFC21A4026DD25C000E41501 /* Debug */,
				BFC21A4126DD25C000E41501 /* Release */,
			);
			defaultConfigurationIsVisible = 0;
			defaultConfigurationName = Release;
		};
		BFC21A4226DD25C000E41501 /* Build configuration list for PBXNativeTarget "JSONUITests" */ = {
			isa = XCConfigurationList;
			buildConfigurations = (
				BFC21A4326DD25C000E41501 /* Debug */,
				BFC21A4426DD25C000E41501 /* Release */,
			);
			defaultConfigurationIsVisible = 0;
			defaultConfigurationName = Release;
		};
/* End XCConfigurationList section */
	};
	rootObject = BFC21A0F26DD25BA00E41501 /* Project object */;
}
